{
  "name": "tanho-front",
  "version": "1.0.0",
  "lockfileVersion": 1,
  "requires": true,
  "dependencies": {
    "cross-fetch": {
      "version": "2.2.3",
      "resolved": "https://registry.npmjs.org/cross-fetch/-/cross-fetch-2.2.3.tgz",
      "integrity": "sha512-PrWWNH3yL2NYIb/7WF/5vFG3DCQiXDOVf8k3ijatbrtnwNuhMWLC7YF7uqf53tbTFDzHIUD8oITw4Bxt8ST3Nw==",
      "requires": {
        "node-fetch": "2.1.2",
        "whatwg-fetch": "2.0.4"
      }
    },
    "escape-html": {
      "version": "1.0.3",
      "resolved": "https://registry.npmjs.org/escape-html/-/escape-html-1.0.3.tgz",
      "integrity": "sha1-Aljq5NPQwJdN4cFpGI7wBR0dGYg="
    },
    "node-fetch": {
      "version": "2.1.2",
      "resolved": "https://registry.npmjs.org/node-fetch/-/node-fetch-2.1.2.tgz",
      "integrity": "sha1-q4hOjn5X44qUR1POxwb3iNF2i7U="
    },
    "prettier": {
      "version": "1.18.2",
      "resolved": "https://registry.npmjs.org/prettier/-/prettier-1.18.2.tgz",
      "integrity": "sha512-OeHeMc0JhFE9idD4ZdtNibzY0+TPHSpSSb9h8FqtP+YnoZZ1sl8Vc9b1sasjfymH3SonAF4QcA2+mzHPhMvIiw=="
    },
    "prismic-dom": {
      "version": "2.1.0",
      "resolved": "https://registry.npmjs.org/prismic-dom/-/prismic-dom-2.1.0.tgz",
      "integrity": "sha512-SHXaVYiGC0IehnnTjLXWMAG2FBPRsNpMU04iGI05ByLZRJR1P2PKegQL/BjpnfHpCuucdEZxvehqsOMwA/ZGvg==",
      "requires": {
        "escape-html": "1.0.3",
        "prismic-helpers": "^1.0.0",
        "prismic-richtext": "^0.4.2"
      }
    },
    "prismic-helpers": {
      "version": "1.0.0",
      "resolved": "https://registry.npmjs.org/prismic-helpers/-/prismic-helpers-1.0.0.tgz",
      "integrity": "sha1-gzdCDPGH9V+3t6i+dVUjyGlvwyk="
    },
    "prismic-javascript": {
      "version": "2.1.5",
      "resolved": "https://registry.npmjs.org/prismic-javascript/-/prismic-javascript-2.1.5.tgz",
      "integrity": "sha512-rBZ97TpvrshbwrqzZpO7kZWzzNu/iczBCwRn90Gtdt3P7k6f7o9bNVD+8khmt9nmM1nvdQkU9w17R4UU+uxVGg==",
      "requires": {
        "cross-fetch": "^2.2.3",
        "promise-polyfill": "8.0.0"
      }
    },
    "prismic-richtext": {
      "version": "0.4.2",
      "resolved": "https://registry.npmjs.org/prismic-richtext/-/prismic-richtext-0.4.2.tgz",
      "integrity": "sha512-+6frCZktVUHX+IA2a/s4EUukVvlLwjgdsJPRVkZmq/inaR1NVnjTHqM9l81QGEXAlTO5Jhzk0hhQBL1Pj73TYw==",
      "requires": {
        "ramda": "^0.25.0",
        "uuid": "^3.1.0"
      }
    },
    "promise-polyfill": {
      "version": "8.0.0",
      "resolved": "https://registry.npmjs.org/promise-polyfill/-/promise-polyfill-8.0.0.tgz",
      "integrity": "sha512-QGmPnw2hDEaRS6freHynJ7nfS1nDg0/P0c/CGglA43utoJjYQMiY9ojEpK0HaJ4wbUztdmwqQRlEfGWdsEQ5uQ=="
    },
    "ramda": {
      "version": "0.25.0",
      "resolved": "https://registry.npmjs.org/ramda/-/ramda-0.25.0.tgz",
      "integrity": "sha512-GXpfrYVPwx3K7RQ6aYT8KPS8XViSXUVJT1ONhoKPE9VAleW42YE+U+8VEyGWt41EnEQW7gwecYJriTI0pKoecQ=="
    },
    "uuid": {
      "version": "3.3.3",
      "resolved": "https://registry.npmjs.org/uuid/-/uuid-3.3.3.tgz",
      "integrity": "sha512-pW0No1RGHgzlpHJO1nsVrHKpOEIxkGg1xB+v0ZmdNH5OAeAwzAVrCnI2/6Mtx+Uys6iaylxa+D3g4j63IKKjSQ=="
    },
    "whatwg-fetch": {
      "version": "2.0.4",
      "resolved": "https://registry.npmjs.org/whatwg-fetch/-/whatwg-fetch-2.0.4.tgz",
      "integrity": "sha512-dcQ1GWpOD/eEQ97k66aiEVpNnapVj90/+R+SXTPYGHpYBBypfKJEQjLrvMZ7YXbKm21gXd4NcuxUTjiv1YtLng=="
    }
  }
}
